// !$*UTF8*$!
{
	archiveVersion = 1;
	classes = {
	};
	objectVersion = 55;
	objects = {

/* Begin PBXBuildFile section */
		006FA3B22877221600AB542D /* AppDelegate.swift in Sources */ = {isa = PBXBuildFile; fileRef = 006FA3B12877221600AB542D /* AppDelegate.swift */; };
		006FA3B42877221600AB542D /* SceneDelegate.swift in Sources */ = {isa = PBXBuildFile; fileRef = 006FA3B32877221600AB542D /* SceneDelegate.swift */; };
		006FA3B62877221600AB542D /* ViewController.swift in Sources */ = {isa = PBXBuildFile; fileRef = 006FA3B52877221600AB542D /* ViewController.swift */; };
		006FA3B92877221600AB542D /* Main.storyboard in Resources */ = {isa = PBXBuildFile; fileRef = 006FA3B72877221600AB542D /* Main.storyboard */; };
		006FA3BB2877221700AB542D /* Assets.xcassets in Resources */ = {isa = PBXBuildFile; fileRef = 006FA3BA2877221700AB542D /* Assets.xcassets */; };
		006FA3BE2877221700AB542D /* LaunchScreen.storyboard in Resources */ = {isa = PBXBuildFile; fileRef = 006FA3BC2877221700AB542D /* LaunchScreen.storyboard */; };
		006FA3CC287727D300AB542D /* Volvoether+UIImage.swift in Sources */ = {isa = PBXBuildFile; fileRef = 006FA3CB287727D300AB542D /* Volvoether+UIImage.swift */; };
		006FA3CE2877289100AB542D /* Volvoether+UIView.swift in Sources */ = {isa = PBXBuildFile; fileRef = 006FA3CD2877289100AB542D /* Volvoether+UIView.swift */; };
		006FA3D1287728E700AB542D /* WeatherTableViewCell.swift in Sources */ = {isa = PBXBuildFile; fileRef = 006FA3D0287728E700AB542D /* WeatherTableViewCell.swift */; };
		006FA3D428772EA900AB542D /* City.swift in Sources */ = {isa = PBXBuildFile; fileRef = 006FA3D328772EA900AB542D /* City.swift */; };
		006FA3D82877428A00AB542D /* CityViewController.swift in Sources */ = {isa = PBXBuildFile; fileRef = 006FA3D72877428A00AB542D /* CityViewController.swift */; };
		006FA3DA287742E700AB542D /* CityStoryboard.storyboard in Resources */ = {isa = PBXBuildFile; fileRef = 006FA3D9287742E700AB542D /* CityStoryboard.storyboard */; };
		00E4CD882877FDCE00E06ACF /* NetworkManager.swift in Sources */ = {isa = PBXBuildFile; fileRef = 00E4CD872877FDCE00E06ACF /* NetworkManager.swift */; };
		00E4CD8A2877FE7F00E06ACF /* GradientView.swift in Sources */ = {isa = PBXBuildFile; fileRef = 00E4CD892877FE7F00E06ACF /* GradientView.swift */; };
		00E4CD8C2878063B00E06ACF /* Contstants.swift in Sources */ = {isa = PBXBuildFile; fileRef = 00E4CD8B2878063B00E06ACF /* Contstants.swift */; };
		00E4CD8E28780B5A00E06ACF /* OpenWeatherModel.swift in Sources */ = {isa = PBXBuildFile; fileRef = 00E4CD8D28780B5A00E06ACF /* OpenWeatherModel.swift */; };
		00E4CD91287871E300E06ACF /* ForecastTableViewCell.swift in Sources */ = {isa = PBXBuildFile; fileRef = 00E4CD90287871E300E06ACF /* ForecastTableViewCell.swift */; };
		3E9D5FFDD66A297AB6993AA3 /* Pods_VolVoeather.framework in Frameworks */ = {isa = PBXBuildFile; fileRef = 4F598D12C3FE8E1D4BC86140 /* Pods_VolVoeather.framework */; };
/* End PBXBuildFile section */

/* Begin PBXFileReference section */
		006FA3AE2877221600AB542D /* VolVoeather.app */ = {isa = PBXFileReference; explicitFileType = wrapper.application; includeInIndex = 0; path = VolVoeather.app; sourceTree = BUILT_PRODUCTS_DIR; };
		006FA3B12877221600AB542D /* AppDelegate.swift */ = {isa = PBXFileReference; lastKnownFileType = sourcecode.swift; path = AppDelegate.swift; sourceTree = "<group>"; };
		006FA3B32877221600AB542D /* SceneDelegate.swift */ = {isa = PBXFileReference; lastKnownFileType = sourcecode.swift; path = SceneDelegate.swift; sourceTree = "<group>"; };
		006FA3B52877221600AB542D /* ViewController.swift */ = {isa = PBXFileReference; lastKnownFileType = sourcecode.swift; path = ViewController.swift; sourceTree = "<group>"; };
		006FA3B82877221600AB542D /* Base */ = {isa = PBXFileReference; lastKnownFileType = file.storyboard; name = Base; path = Base.lproj/Main.storyboard; sourceTree = "<group>"; };
		006FA3BA2877221700AB542D /* Assets.xcassets */ = {isa = PBXFileReference; lastKnownFileType = folder.assetcatalog; path = Assets.xcassets; sourceTree = "<group>"; };
		006FA3BD2877221700AB542D /* Base */ = {isa = PBXFileReference; lastKnownFileType = file.storyboard; name = Base; path = Base.lproj/LaunchScreen.storyboard; sourceTree = "<group>"; };
		006FA3BF2877221700AB542D /* Info.plist */ = {isa = PBXFileReference; lastKnownFileType = text.plist.xml; path = Info.plist; sourceTree = "<group>"; };
		006FA3CB287727D300AB542D /* Volvoether+UIImage.swift */ = {isa = PBXFileReference; lastKnownFileType = sourcecode.swift; path = "Volvoether+UIImage.swift"; sourceTree = "<group>"; };
		006FA3CD2877289100AB542D /* Volvoether+UIView.swift */ = {isa = PBXFileReference; fileEncoding = 4; lastKnownFileType = sourcecode.swift; path = "Volvoether+UIView.swift"; sourceTree = "<group>"; };
		006FA3D0287728E700AB542D /* WeatherTableViewCell.swift */ = {isa = PBXFileReference; lastKnownFileType = sourcecode.swift; path = WeatherTableViewCell.swift; sourceTree = "<group>"; };
		006FA3D328772EA900AB542D /* City.swift */ = {isa = PBXFileReference; lastKnownFileType = sourcecode.swift; path = City.swift; sourceTree = "<group>"; };
		006FA3D72877428A00AB542D /* CityViewController.swift */ = {isa = PBXFileReference; lastKnownFileType = sourcecode.swift; path = CityViewController.swift; sourceTree = "<group>"; };
		006FA3D9287742E700AB542D /* CityStoryboard.storyboard */ = {isa = PBXFileReference; lastKnownFileType = file.storyboard; path = CityStoryboard.storyboard; sourceTree = "<group>"; };
		00E4CD872877FDCE00E06ACF /* NetworkManager.swift */ = {isa = PBXFileReference; lastKnownFileType = sourcecode.swift; path = NetworkManager.swift; sourceTree = "<group>"; };
		00E4CD892877FE7F00E06ACF /* GradientView.swift */ = {isa = PBXFileReference; lastKnownFileType = sourcecode.swift; path = GradientView.swift; sourceTree = "<group>"; };
		00E4CD8B2878063B00E06ACF /* Contstants.swift */ = {isa = PBXFileReference; lastKnownFileType = sourcecode.swift; path = Contstants.swift; sourceTree = "<group>"; };
		00E4CD8D28780B5A00E06ACF /* OpenWeatherModel.swift */ = {isa = PBXFileReference; lastKnownFileType = sourcecode.swift; path = OpenWeatherModel.swift; sourceTree = "<group>"; };
		00E4CD90287871E300E06ACF /* ForecastTableViewCell.swift */ = {isa = PBXFileReference; lastKnownFileType = sourcecode.swift; path = ForecastTableViewCell.swift; sourceTree = "<group>"; };
		4F598D12C3FE8E1D4BC86140 /* Pods_VolVoeather.framework */ = {isa = PBXFileReference; explicitFileType = wrapper.framework; includeInIndex = 0; path = Pods_VolVoeather.framework; sourceTree = BUILT_PRODUCTS_DIR; };
		6C7F6B87AB81E960FF370C90 /* Pods-VolVoeather.release.xcconfig */ = {isa = PBXFileReference; includeInIndex = 1; lastKnownFileType = text.xcconfig; name = "Pods-VolVoeather.release.xcconfig"; path = "Target Support Files/Pods-VolVoeather/Pods-VolVoeather.release.xcconfig"; sourceTree = "<group>"; };
		716CAF335C49C381688DA655 /* Pods-VolVoeather.debug.xcconfig */ = {isa = PBXFileReference; includeInIndex = 1; lastKnownFileType = text.xcconfig; name = "Pods-VolVoeather.debug.xcconfig"; path = "Target Support Files/Pods-VolVoeather/Pods-VolVoeather.debug.xcconfig"; sourceTree = "<group>"; };
/* End PBXFileReference section */

/* Begin PBXFrameworksBuildPhase section */
		006FA3AB2877221600AB542D /* Frameworks */ = {
			isa = PBXFrameworksBuildPhase;
			buildActionMask = 2147483647;
			files = (
				3E9D5FFDD66A297AB6993AA3 /* Pods_VolVoeather.framework in Frameworks */,
			);
			runOnlyForDeploymentPostprocessing = 0;
		};
/* End PBXFrameworksBuildPhase section */

/* Begin PBXGroup section */
		006FA3A52877221600AB542D = {
			isa = PBXGroup;
			children = (
				006FA3B02877221600AB542D /* VolVoeather */,
				006FA3AF2877221600AB542D /* Products */,
				49CB6A61E936F954A0FFE111 /* Pods */,
				280D6688D6D770E712C7320C /* Frameworks */,
			);
			sourceTree = "<group>";
		};
		006FA3AF2877221600AB542D /* Products */ = {
			isa = PBXGroup;
			children = (
				006FA3AE2877221600AB542D /* VolVoeather.app */,
			);
			name = Products;
			sourceTree = "<group>";
		};
		006FA3B02877221600AB542D /* VolVoeather */ = {
			isa = PBXGroup;
			children = (
				006FA3CF287728CE00AB542D /* Views */,
				006FA3C92877227F00AB542D /* StoryBoards */,
				006FA3C82877227800AB542D /* Utilities */,
				006FA3C72877226D00AB542D /* ViewControllers */,
				006FA3C52877225E00AB542D /* Models */,
				006FA3B12877221600AB542D /* AppDelegate.swift */,
				006FA3B32877221600AB542D /* SceneDelegate.swift */,
				006FA3BA2877221700AB542D /* Assets.xcassets */,
				006FA3BF2877221700AB542D /* Info.plist */,
				00E4CD8B2878063B00E06ACF /* Contstants.swift */,
			);
			path = VolVoeather;
			sourceTree = "<group>";
		};
		006FA3C52877225E00AB542D /* Models */ = {
			isa = PBXGroup;
			children = (
				006FA3D328772EA900AB542D /* City.swift */,
				00E4CD8D28780B5A00E06ACF /* OpenWeatherModel.swift */,
			);
			path = Models;
			sourceTree = "<group>";
		};
		006FA3C72877226D00AB542D /* ViewControllers */ = {
			isa = PBXGroup;
			children = (
				006FA3B52877221600AB542D /* ViewController.swift */,
				006FA3D72877428A00AB542D /* CityViewController.swift */,
			);
			path = ViewControllers;
			sourceTree = "<group>";
		};
		006FA3C82877227800AB542D /* Utilities */ = {
			isa = PBXGroup;
			children = (
				00E4CD862877FDB700E06ACF /* Network Manager */,
				006FA3CA287727C000AB542D /* Extensions */,
			);
			path = Utilities;
			sourceTree = "<group>";
		};
		006FA3C92877227F00AB542D /* StoryBoards */ = {
			isa = PBXGroup;
			children = (
				006FA3BC2877221700AB542D /* LaunchScreen.storyboard */,
				006FA3B72877221600AB542D /* Main.storyboard */,
				006FA3D9287742E700AB542D /* CityStoryboard.storyboard */,
			);
			path = StoryBoards;
			sourceTree = "<group>";
		};
		006FA3CA287727C000AB542D /* Extensions */ = {
			isa = PBXGroup;
			children = (
				006FA3CD2877289100AB542D /* Volvoether+UIView.swift */,
				006FA3CB287727D300AB542D /* Volvoether+UIImage.swift */,
			);
			path = Extensions;
			sourceTree = "<group>";
		};
		006FA3CF287728CE00AB542D /* Views */ = {
			isa = PBXGroup;
			children = (
				006FA3D0287728E700AB542D /* WeatherTableViewCell.swift */,
				00E4CD892877FE7F00E06ACF /* GradientView.swift */,
				00E4CD90287871E300E06ACF /* ForecastTableViewCell.swift */,
			);
			path = Views;
			sourceTree = "<group>";
		};
		00E4CD862877FDB700E06ACF /* Network Manager */ = {
			isa = PBXGroup;
			children = (
				00E4CD872877FDCE00E06ACF /* NetworkManager.swift */,
			);
			path = "Network Manager";
			sourceTree = "<group>";
		};
		280D6688D6D770E712C7320C /* Frameworks */ = {
			isa = PBXGroup;
			children = (
				4F598D12C3FE8E1D4BC86140 /* Pods_VolVoeather.framework */,
			);
			name = Frameworks;
			sourceTree = "<group>";
		};
		49CB6A61E936F954A0FFE111 /* Pods */ = {
			isa = PBXGroup;
			children = (
				716CAF335C49C381688DA655 /* Pods-VolVoeather.debug.xcconfig */,
				6C7F6B87AB81E960FF370C90 /* Pods-VolVoeather.release.xcconfig */,
			);
			path = Pods;
			sourceTree = "<group>";
		};
/* End PBXGroup section */

/* Begin PBXNativeTarget section */
		006FA3AD2877221600AB542D /* VolVoeather */ = {
			isa = PBXNativeTarget;
			buildConfigurationList = 006FA3C22877221700AB542D /* Build configuration list for PBXNativeTarget "VolVoeather" */;
			buildPhases = (
				274B64F9616BB049CEF52CDF /* [CP] Check Pods Manifest.lock */,
				006FA3AA2877221600AB542D /* Sources */,
				006FA3AB2877221600AB542D /* Frameworks */,
				006FA3AC2877221600AB542D /* Resources */,
				7300E8E7B6B839FFA3BCB16B /* [CP] Embed Pods Frameworks */,
			);
			buildRules = (
			);
			dependencies = (
			);
			name = VolVoeather;
			productName = VolVoeather;
			productReference = 006FA3AE2877221600AB542D /* VolVoeather.app */;
			productType = "com.apple.product-type.application";
		};
/* End PBXNativeTarget section */

/* Begin PBXProject section */
		006FA3A62877221600AB542D /* Project object */ = {
			isa = PBXProject;
			attributes = {
				BuildIndependentTargetsInParallel = 1;
				LastSwiftUpdateCheck = 1320;
				LastUpgradeCheck = 1320;
				TargetAttributes = {
					006FA3AD2877221600AB542D = {
						CreatedOnToolsVersion = 13.2.1;
					};
				};
			};
			buildConfigurationList = 006FA3A92877221600AB542D /* Build configuration list for PBXProject "VolVoeather" */;
			compatibilityVersion = "Xcode 13.0";
			developmentRegion = en;
			hasScannedForEncodings = 0;
			knownRegions = (
				en,
				Base,
			);
			mainGroup = 006FA3A52877221600AB542D;
			productRefGroup = 006FA3AF2877221600AB542D /* Products */;
			projectDirPath = "";
			projectRoot = "";
			targets = (
				006FA3AD2877221600AB542D /* VolVoeather */,
			);
		};
/* End PBXProject section */

/* Begin PBXResourcesBuildPhase section */
		006FA3AC2877221600AB542D /* Resources */ = {
			isa = PBXResourcesBuildPhase;
			buildActionMask = 2147483647;
			files = (
				006FA3BE2877221700AB542D /* LaunchScreen.storyboard in Resources */,
				006FA3BB2877221700AB542D /* Assets.xcassets in Resources */,
				006FA3DA287742E700AB542D /* CityStoryboard.storyboard in Resources */,
				006FA3B92877221600AB542D /* Main.storyboard in Resources */,
			);
			runOnlyForDeploymentPostprocessing = 0;
		};
/* End PBXResourcesBuildPhase section */

/* Begin PBXShellScriptBuildPhase section */
		274B64F9616BB049CEF52CDF /* [CP] Check Pods Manifest.lock */ = {
			isa = PBXShellScriptBuildPhase;
			buildActionMask = 2147483647;
			files = (
			);
			inputFileListPaths = (
			);
			inputPaths = (
				"${PODS_PODFILE_DIR_PATH}/Podfile.lock",
				"${PODS_ROOT}/Manifest.lock",
			);
			name = "[CP] Check Pods Manifest.lock";
			outputFileListPaths = (
			);
			outputPaths = (
				"$(DERIVED_FILE_DIR)/Pods-VolVoeather-checkManifestLockResult.txt",
			);
			runOnlyForDeploymentPostprocessing = 0;
			shellPath = /bin/sh;
			shellScript = "diff \"${PODS_PODFILE_DIR_PATH}/Podfile.lock\" \"${PODS_ROOT}/Manifest.lock\" > /dev/null\nif [ $? != 0 ] ; then\n    # print error to STDERR\n    echo \"error: The sandbox is not in sync with the Podfile.lock. Run 'pod install' or update your CocoaPods installation.\" >&2\n    exit 1\nfi\n# This output is used by Xcode 'outputs' to avoid re-running this script phase.\necho \"SUCCESS\" > \"${SCRIPT_OUTPUT_FILE_0}\"\n";
			showEnvVarsInLog = 0;
		};
		7300E8E7B6B839FFA3BCB16B /* [CP] Embed Pods Frameworks */ = {
			isa = PBXShellScriptBuildPhase;
			buildActionMask = 2147483647;
			files = (
			);
			inputFileListPaths = (
				"${PODS_ROOT}/Target Support Files/Pods-VolVoeather/Pods-VolVoeather-frameworks-${CONFIGURATION}-input-files.xcfilelist",
			);
			name = "[CP] Embed Pods Frameworks";
			outputFileListPaths = (
				"${PODS_ROOT}/Target Support Files/Pods-VolVoeather/Pods-VolVoeather-frameworks-${CONFIGURATION}-output-files.xcfilelist",
			);
			runOnlyForDeploymentPostprocessing = 0;
			shellPath = /bin/sh;
			shellScript = "\"${PODS_ROOT}/Target Support Files/Pods-VolVoeather/Pods-VolVoeather-frameworks.sh\"\n";
			showEnvVarsInLog = 0;
		};
/* End PBXShellScriptBuildPhase section */

/* Begin PBXSourcesBuildPhase section */
		006FA3AA2877221600AB542D /* Sources */ = {
			isa = PBXSourcesBuildPhase;
			buildActionMask = 2147483647;
			files = (
				00E4CD8E28780B5A00E06ACF /* OpenWeatherModel.swift in Sources */,
				006FA3D1287728E700AB542D /* WeatherTableViewCell.swift in Sources */,
				00E4CD8A2877FE7F00E06ACF /* GradientView.swift in Sources */,
				00E4CD882877FDCE00E06ACF /* NetworkManager.swift in Sources */,
				00E4CD8C2878063B00E06ACF /* Contstants.swift in Sources */,
				006FA3B62877221600AB542D /* ViewController.swift in Sources */,
				00E4CD91287871E300E06ACF /* ForecastTableViewCell.swift in Sources */,
				006FA3B22877221600AB542D /* AppDelegate.swift in Sources */,
				006FA3CC287727D300AB542D /* Volvoether+UIImage.swift in Sources */,
				006FA3D82877428A00AB542D /* CityViewController.swift in Sources */,
				006FA3D428772EA900AB542D /* City.swift in Sources */,
				006FA3CE2877289100AB542D /* Volvoether+UIView.swift in Sources */,
				006FA3B42877221600AB542D /* SceneDelegate.swift in Sources */,
			);
			runOnlyForDeploymentPostprocessing = 0;
		};
/* End PBXSourcesBuildPhase section */

/* Begin PBXVariantGroup section */
		006FA3B72877221600AB542D /* Main.storyboard */ = {
			isa = PBXVariantGroup;
			children = (
				006FA3B82877221600AB542D /* Base */,
			);
			name = Main.storyboard;
			sourceTree = "<group>";
		};
		006FA3BC2877221700AB542D /* LaunchScreen.storyboard */ = {
			isa = PBXVariantGroup;
			children = (
				006FA3BD2877221700AB542D /* Base */,
			);
			name = LaunchScreen.storyboard;
			sourceTree = "<group>";
		};
/* End PBXVariantGroup section */

/* Begin XCBuildConfiguration section */
		006FA3C02877221700AB542D /* Debug */ = {
			isa = XCBuildConfiguration;
			buildSettings = {
				ALWAYS_SEARCH_USER_PATHS = NO;
				CLANG_ANALYZER_NONNULL = YES;
				CLANG_ANALYZER_NUMBER_OBJECT_CONVERSION = YES_AGGRESSIVE;
				CLANG_CXX_LANGUAGE_STANDARD = "gnu++17";
				CLANG_CXX_LIBRARY = "libc++";
				CLANG_ENABLE_MODULES = YES;
				CLANG_ENABLE_OBJC_ARC = YES;
				CLANG_ENABLE_OBJC_WEAK = YES;
				CLANG_WARN_BLOCK_CAPTURE_AUTORELEASING = YES;
				CLANG_WARN_BOOL_CONVERSION = YES;
				CLANG_WARN_COMMA = YES;
				CLANG_WARN_CONSTANT_CONVERSION = YES;
				CLANG_WARN_DEPRECATED_OBJC_IMPLEMENTATIONS = YES;
				CLANG_WARN_DIRECT_OBJC_ISA_USAGE = YES_ERROR;
				CLANG_WARN_DOCUMENTATION_COMMENTS = YES;
				CLANG_WARN_EMPTY_BODY = YES;
				CLANG_WARN_ENUM_CONVERSION = YES;
				CLANG_WARN_INFINITE_RECURSION = YES;
				CLANG_WARN_INT_CONVERSION = YES;
				CLANG_WARN_NON_LITERAL_NULL_CONVERSION = YES;
				CLANG_WARN_OBJC_IMPLICIT_RETAIN_SELF = YES;
				CLANG_WARN_OBJC_LITERAL_CONVERSION = YES;
				CLANG_WARN_OBJC_ROOT_CLASS = YES_ERROR;
				CLANG_WARN_QUOTED_INCLUDE_IN_FRAMEWORK_HEADER = YES;
				CLANG_WARN_RANGE_LOOP_ANALYSIS = YES;
				CLANG_WARN_STRICT_PROTOTYPES = YES;
				CLANG_WARN_SUSPICIOUS_MOVE = YES;
				CLANG_WARN_UNGUARDED_AVAILABILITY = YES_AGGRESSIVE;
				CLANG_WARN_UNREACHABLE_CODE = YES;
				CLANG_WARN__DUPLICATE_METHOD_MATCH = YES;
				COPY_PHASE_STRIP = NO;
				DEBUG_INFORMATION_FORMAT = dwarf;
				ENABLE_STRICT_OBJC_MSGSEND = YES;
				ENABLE_TESTABILITY = YES;
				GCC_C_LANGUAGE_STANDARD = gnu11;
				GCC_DYNAMIC_NO_PIC = NO;
				GCC_NO_COMMON_BLOCKS = YES;
				GCC_OPTIMIZATION_LEVEL = 0;
				GCC_PREPROCESSOR_DEFINITIONS = (
					"DEBUG=1",
					"$(inherited)",
				);
				GCC_WARN_64_TO_32_BIT_CONVERSION = YES;
				GCC_WARN_ABOUT_RETURN_TYPE = YES_ERROR;
				GCC_WARN_UNDECLARED_SELECTOR = YES;
				GCC_WARN_UNINITIALIZED_AUTOS = YES_AGGRESSIVE;
				GCC_WARN_UNUSED_FUNCTION = YES;
				GCC_WARN_UNUSED_VARIABLE = YES;
				IPHONEOS_DEPLOYMENT_TARGET = 15.2;
				MTL_ENABLE_DEBUG_INFO = INCLUDE_SOURCE;
				MTL_FAST_MATH = YES;
				ONLY_ACTIVE_ARCH = YES;
				SDKROOT = iphoneos;
				SWIFT_ACTIVE_COMPILATION_CONDITIONS = DEBUG;
				SWIFT_OPTIMIZATION_LEVEL = "-Onone";
			};
			name = Debug;
		};
		006FA3C12877221700AB542D /* Release */ = {
			isa = XCBuildConfiguration;
			buildSettings = {
				ALWAYS_SEARCH_USER_PATHS = NO;
				CLANG_ANALYZER_NONNULL = YES;
				CLANG_ANALYZER_NUMBER_OBJECT_CONVERSION = YES_AGGRESSIVE;
				CLANG_CXX_LANGUAGE_STANDARD = "gnu++17";
				CLANG_CXX_LIBRARY = "libc++";
				CLANG_ENABLE_MODULES = YES;
				CLANG_ENABLE_OBJC_ARC = YES;
				CLANG_ENABLE_OBJC_WEAK = YES;
				CLANG_WARN_BLOCK_CAPTURE_AUTORELEASING = YES;
				CLANG_WARN_BOOL_CONVERSION = YES;
				CLANG_WARN_COMMA = YES;
				CLANG_WARN_CONSTANT_CONVERSION = YES;
				CLANG_WARN_DEPRECATED_OBJC_IMPLEMENTATIONS = YES;
				CLANG_WARN_DIRECT_OBJC_ISA_USAGE = YES_ERROR;
				CLANG_WARN_DOCUMENTATION_COMMENTS = YES;
				CLANG_WARN_EMPTY_BODY = YES;
				CLANG_WARN_ENUM_CONVERSION = YES;
				CLANG_WARN_INFINITE_RECURSION = YES;
				CLANG_WARN_INT_CONVERSION = YES;
				CLANG_WARN_NON_LITERAL_NULL_CONVERSION = YES;
				CLANG_WARN_OBJC_IMPLICIT_RETAIN_SELF = YES;
				CLANG_WARN_OBJC_LITERAL_CONVERSION = YES;
				CLANG_WARN_OBJC_ROOT_CLASS = YES_ERROR;
				CLANG_WARN_QUOTED_INCLUDE_IN_FRAMEWORK_HEADER = YES;
				CLANG_WARN_RANGE_LOOP_ANALYSIS = YES;
				CLANG_WARN_STRICT_PROTOTYPES = YES;
				CLANG_WARN_SUSPICIOUS_MOVE = YES;
				CLANG_WARN_UNGUARDED_AVAILABILITY = YES_AGGRESSIVE;
				CLANG_WARN_UNREACHABLE_CODE = YES;
				CLANG_WARN__DUPLICATE_METHOD_MATCH = YES;
				COPY_PHASE_STRIP = NO;
				DEBUG_INFORMATION_FORMAT = "dwarf-with-dsym";
				ENABLE_NS_ASSERTIONS = NO;
				ENABLE_STRICT_OBJC_MSGSEND = YES;
				GCC_C_LANGUAGE_STANDARD = gnu11;
				GCC_NO_COMMON_BLOCKS = YES;
				GCC_WARN_64_TO_32_BIT_CONVERSION = YES;
				GCC_WARN_ABOUT_RETURN_TYPE = YES_ERROR;
				GCC_WARN_UNDECLARED_SELECTOR = YES;
				GCC_WARN_UNINITIALIZED_AUTOS = YES_AGGRESSIVE;
				GCC_WARN_UNUSED_FUNCTION = YES;
				GCC_WARN_UNUSED_VARIABLE = YES;
				IPHONEOS_DEPLOYMENT_TARGET = 15.2;
				MTL_ENABLE_DEBUG_INFO = NO;
				MTL_FAST_MATH = YES;
				SDKROOT = iphoneos;
				SWIFT_COMPILATION_MODE = wholemodule;
				SWIFT_OPTIMIZATION_LEVEL = "-O";
				VALIDATE_PRODUCT = YES;
			};
			name = Release;
		};
		006FA3C32877221700AB542D /* Debug */ = {
			isa = XCBuildConfiguration;
			baseConfigurationReference = 716CAF335C49C381688DA655 /* Pods-VolVoeather.debug.xcconfig */;
			buildSettings = {
				ASSETCATALOG_COMPILER_APPICON_NAME = AppIcon;
				ASSETCATALOG_COMPILER_GLOBAL_ACCENT_COLOR_NAME = AccentColor;
				CODE_SIGN_STYLE = Automatic;
				CURRENT_PROJECT_VERSION = 1;
				DEVELOPMENT_TEAM = HPWS726989;
				GENERATE_INFOPLIST_FILE = YES;
				INFOPLIST_FILE = VolVoeather/Info.plist;
				INFOPLIST_KEY_UIApplicationSupportsIndirectInputEvents = YES;
				INFOPLIST_KEY_UILaunchStoryboardName = LaunchScreen;
				INFOPLIST_KEY_UIMainStoryboardFile = Main;
				INFOPLIST_KEY_UISupportedInterfaceOrientations_iPad = "UIInterfaceOrientationPortrait UIInterfaceOrientationPortraitUpsideDown UIInterfaceOrientationLandscapeLeft UIInterfaceOrientationLandscapeRight";
				INFOPLIST_KEY_UISupportedInterfaceOrientations_iPhone = "UIInterfaceOrientationPortrait UIInterfaceOrientationLandscapeLeft UIInterfaceOrientationLandscapeRight";
				LD_RUNPATH_SEARCH_PATHS = (
					"$(inherited)",
					"@executable_path/Frameworks",
				);
				MARKETING_VERSION = 1.0;
				PRODUCT_BUNDLE_IDENTIFIER = com.saee.VolVoeather;
				PRODUCT_NAME = "$(TARGET_NAME)";
				SWIFT_EMIT_LOC_STRINGS = YES;
				SWIFT_VERSION = 5.0;
				TARGETED_DEVICE_FAMILY = "1,2";
			};
			name = Debug;
		};
		006FA3C42877221700AB542D /* Release */ = {
			isa = XCBuildConfiguration;
			baseConfigurationReference = 6C7F6B87AB81E960FF370C90 /* Pods-VolVoeather.release.xcconfig */;
			buildSettings = {
				ASSETCATALOG_COMPILER_APPICON_NAME = AppIcon;
				ASSETCATALOG_COMPILER_GLOBAL_ACCENT_COLOR_NAME = AccentColor;
				CODE_SIGN_STYLE = Automatic;
				CURRENT_PROJECT_VERSION = 1;
				DEVELOPMENT_TEAM = HPWS726989;
				GENERATE_INFOPLIST_FILE = YES;
				INFOPLIST_FILE = VolVoeather/Info.plist;
				INFOPLIST_KEY_UIApplicationSupportsIndirectInputEvents = YES;
				INFOPLIST_KEY_UILaunchStoryboardName = LaunchScreen;
				INFOPLIST_KEY_UIMainStoryboardFile = Main;
				INFOPLIST_KEY_UISupportedInterfaceOrientations_iPad = "UIInterfaceOrientationPortrait UIInterfaceOrientationPortraitUpsideDown UIInterfaceOrientationLandscapeLeft UIInterfaceOrientationLandscapeRight";
				INFOPLIST_KEY_UISupportedInterfaceOrientations_iPhone = "UIInterfaceOrientationPortrait UIInterfaceOrientationLandscapeLeft UIInterfaceOrientationLandscapeRight";
				LD_RUNPATH_SEARCH_PATHS = (
					"$(inherited)",
					"@executable_path/Frameworks",
				);
				MARKETING_VERSION = 1.0;
				PRODUCT_BUNDLE_IDENTIFIER = com.saee.VolVoeather;
				PRODUCT_NAME = "$(TARGET_NAME)";
				SWIFT_EMIT_LOC_STRINGS = YES;
				SWIFT_VERSION = 5.0;
				TARGETED_DEVICE_FAMILY = "1,2";
			};
			name = Release;
		};
/* End XCBuildConfiguration section */

/* Begin XCConfigurationList section */
		006FA3A92877221600AB542D /* Build configuration list for PBXProject "VolVoeather" */ = {
			isa = XCConfigurationList;
			buildConfigurations = (
				006FA3C02877221700AB542D /* Debug */,
				006FA3C12877221700AB542D /* Release */,
			);
			defaultConfigurationIsVisible = 0;
			defaultConfigurationName = Release;
		};
		006FA3C22877221700AB542D /* Build configuration list for PBXNativeTarget "VolVoeather" */ = {
			isa = XCConfigurationList;
			buildConfigurations = (
				006FA3C32877221700AB542D /* Debug */,
				006FA3C42877221700AB542D /* Release */,
			);
			defaultConfigurationIsVisible = 0;
			defaultConfigurationName = Release;
		};
/* End XCConfigurationList section */
	};
	rootObject = 006FA3A62877221600AB542D /* Project object */;
}
